
Microsoft Visual Studio Solution File, Format Version 12.00
# Visual Studio Version 17
VisualStudioVersion = 17.7.34221.43
MinimumVisualStudioVersion = 10.0.40219.1
Project("{8BC9CEB8-8B4A-11D0-8D11-00A0C91BC942}") = "SatelliteSimulator", "Solar_System_Simulator_OpenGL.vcxproj", "{C369ED0B-5370-4661-948D-7F142CBB032D}"
EndProject
Project("{8BC9CEB8-8B4A-11D0-8D11-00A0C91BC942}") = "Geometry", "..\Geometry\Geometry.vcxproj", "{B98EEB30-6230-4164-A2D7-8EB028906FD0}"
EndProject
Project("{8BC9CEB8-8B4A-11D0-8D11-00A0C91BC942}") = "STLReader", "..\STLReader\STLReader.vcxproj", "{557B30FB-F8A0-425C-B8CF-E861FA7F0BAD}"
EndProject
Global
	GlobalSection(SolutionConfigurationPlatforms) = preSolution
		Debug|x64 = Debug|x64
		Debug|x86 = Debug|x86
		Release|x64 = Release|x64
		Release|x86 = Release|x86
	EndGlobalSection
	GlobalSection(ProjectConfigurationPlatforms) = postSolution
		{C369ED0B-5370-4661-948D-7F142CBB032D}.Debug|x64.ActiveCfg = Debug|x64
		{C369ED0B-5370-4661-948D-7F142CBB032D}.Debug|x64.Build.0 = Debug|x64
		{C369ED0B-5370-4661-948D-7F142CBB032D}.Debug|x86.ActiveCfg = Debug|x64
		{C369ED0B-5370-4661-948D-7F142CBB032D}.Debug|x86.Build.0 = Debug|x64
		{C369ED0B-5370-4661-948D-7F142CBB032D}.Release|x64.ActiveCfg = Release|x64
		{C369ED0B-5370-4661-948D-7F142CBB032D}.Release|x64.Build.0 = Release|x64
		{C369ED0B-5370-4661-948D-7F142CBB032D}.Release|x86.ActiveCfg = Release|x64
		{C369ED0B-5370-4661-948D-7F142CBB032D}.Release|x86.Build.0 = Release|x64
		{B98EEB30-6230-4164-A2D7-8EB028906FD0}.Debug|x64.ActiveCfg = Debug|x64
		{B98EEB30-6230-4164-A2D7-8EB028906FD0}.Debug|x64.Build.0 = Debug|x64
		{B98EEB30-6230-4164-A2D7-8EB028906FD0}.Debug|x86.ActiveCfg = Debug|Win32
		{B98EEB30-6230-4164-A2D7-8EB028906FD0}.Debug|x86.Build.0 = Debug|Win32
		{B98EEB30-6230-4164-A2D7-8EB028906FD0}.Release|x64.ActiveCfg = Release|x64
		{B98EEB30-6230-4164-A2D7-8EB028906FD0}.Release|x64.Build.0 = Release|x64
		{B98EEB30-6230-4164-A2D7-8EB028906FD0}.Release|x86.ActiveCfg = Release|Win32
		{B98EEB30-6230-4164-A2D7-8EB028906FD0}.Release|x86.Build.0 = Release|Win32
		{557B30FB-F8A0-425C-B8CF-E861FA7F0BAD}.Debug|x64.ActiveCfg = Debug|x64
		{557B30FB-F8A0-425C-B8CF-E861FA7F0BAD}.Debug|x64.Build.0 = Debug|x64
		{557B30FB-F8A0-425C-B8CF-E861FA7F0BAD}.Debug|x86.ActiveCfg = Debug|Win32
		{557B30FB-F8A0-425C-B8CF-E861FA7F0BAD}.Debug|x86.Build.0 = Debug|Win32
		{557B30FB-F8A0-425C-B8CF-E861FA7F0BAD}.Release|x64.ActiveCfg = Release|x64
		{557B30FB-F8A0-425C-B8CF-E861FA7F0BAD}.Release|x64.Build.0 = Release|x64
		{557B30FB-F8A0-425C-B8CF-E861FA7F0BAD}.Release|x86.ActiveCfg = Release|Win32
		{557B30FB-F8A0-425C-B8CF-E861FA7F0BAD}.Release|x86.Build.0 = Release|Win32
	EndGlobalSection
	GlobalSection(SolutionProperties) = preSolution
		HideSolutionNode = FALSE
	EndGlobalSection
	GlobalSection(ExtensibilityGlobals) = postSolution
		SolutionGuid = {1343F1A0-30A7-43EF-A941-74322CB0A6FB}
	EndGlobalSection
EndGlobal
